
Microsoft Visual Studio Solution File, Format Version 12.00
# Visual Studio 15
VisualStudioVersion = 15.0.27130.2010
MinimumVisualStudioVersion = 10.0.40219.1
Project("{8BC9CEB8-8B4A-11D0-8D11-00A0C91BC942}") = "linkedlist", "linkedlist\linkedlist.vcxproj", "{C5561D37-3AB8-46C4-B33B-2A6BEA54D154}"
EndProject
Global
	GlobalSection(SolutionConfigurationPlatforms) = preSolution
		Debug|x64 = Debug|x64
		Debug|x86 = Debug|x86
		Release|x64 = Release|x64
		Release|x86 = Release|x86
	EndGlobalSection
	GlobalSection(ProjectConfigurationPlatforms) = postSolution
		{C5561D37-3AB8-46C4-B33B-2A6BEA54D154}.Debug|x64.ActiveCfg = Debug|x64
		{C5561D37-3AB8-46C4-B33B-2A6BEA54D154}.Debug|x64.Build.0 = Debug|x64
		{C5561D37-3AB8-46C4-B33B-2A6BEA54D154}.Debug|x86.ActiveCfg = Debug|Win32
		{C5561D37-3AB8-46C4-B33B-2A6BEA54D154}.Debug|x86.Build.0 = Debug|Win32
		{C5561D37-3AB8-46C4-B33B-2A6BEA54D154}.Release|x64.ActiveCfg = Release|x64
		{C5561D37-3AB8-46C4-B33B-2A6BEA54D154}.Release|x64.Build.0 = Release|x64
		{C5561D37-3AB8-46C4-B33B-2A6BEA54D154}.Release|x86.ActiveCfg = Release|Win32
		{C5561D37-3AB8-46C4-B33B-2A6BEA54D154}.Release|x86.Build.0 = Release|Win32
	EndGlobalSection
	GlobalSection(SolutionProperties) = preSolution
		HideSolutionNode = FALSE
	EndGlobalSection
	GlobalSection(ExtensibilityGlobals) = postSolution
		SolutionGuid = {C8F90441-ACF7-4C32-B8E5-F1F6D930F417}
	EndGlobalSection
EndGlobal
